{
  "originHash" : "98834cb0718dc8b8a6c7752e723e24200ef22c74c1736133df15f63fd1eadb1d",
  "pins" : [
    {
      "identity" : "swifthelpers",
      "kind" : "remoteSourceControl",
      "location" : "https://github.com/stalkermv/SwiftHelpers.git",
      "state" : {
        "revision" : "3d6eda3fbfe4e8607731c3a9c6e2d30711b8024d",
        "version" : "1.0.3"
      }
    },
    {
      "identity" : "swiftuibackports",
      "kind" : "remoteSourceControl",
      "location" : "https://github.com/stalkermv/SwiftUIBackports.git",
      "state" : {
        "revision" : "95c3d906d482fafa44015946648b3bc7504507a8",
        "version" : "1.1.0"
      }
    },
    {
      "identity" : "swiftuihelpers",
      "kind" : "remoteSourceControl",
      "location" : "https://github.com/stalkermv/SwiftUIHelpers.git",
      "state" : {
        "revision" : "5a1b7138c7b9db75deff39717138ad833aa4c8b8",
        "version" : "1.0.1"
      }
    }
  ],
  "version" : 3
}
